{
  "version": 4,
  "terraform_version": "1.4.6",
  "serial": 6,
  "lineage": "0e8ca8bf-0904-af34-2ec1-e56f46f2ef82",
  "outputs": {
    "k8s_cluste_host": {
      "value": "35.239.145.59",
      "type": "string"
    },
    "k8s_cluste_name": {
      "value": "csci-5409-s23-k8s-gke",
      "type": "string"
    }
  },
  "resources": [
    {
      "mode": "managed",
      "type": "google_container_cluster",
      "name": "gke",
      "provider": "provider[\"registry.terraform.io/hashicorp/google\"]",
      "instances": [
        {
          "schema_version": 1,
          "attributes": {
            "addons_config": [
              {
                "cloudrun_config": [],
                "config_connector_config": [],
                "dns_cache_config": [],
                "gce_persistent_disk_csi_driver_config": [
                  {
                    "enabled": true
                  }
                ],
                "gcp_filestore_csi_driver_config": [],
                "gke_backup_agent_config": [],
                "horizontal_pod_autoscaling": [],
                "http_load_balancing": [],
                "network_policy_config": [
                  {
                    "disabled": true
                  }
                ]
              }
            ],
            "authenticator_groups_config": [],
            "binary_authorization": [
              {
                "enabled": false,
                "evaluation_mode": ""
              }
            ],
            "cluster_autoscaling": [
              {
                "auto_provisioning_defaults": [],
                "enabled": false,
                "resource_limits": []
              }
            ],
            "cluster_ipv4_cidr": "10.0.0.0/14",
            "confidential_nodes": [],
            "cost_management_config": [],
            "database_encryption": [
              {
                "key_name": "",
                "state": "DECRYPTED"
              }
            ],
            "datapath_provider": "",
            "default_max_pods_per_node": null,
            "default_snat_status": [
              {
                "disabled": false
              }
            ],
            "description": "",
            "dns_config": [],
            "enable_autopilot": false,
            "enable_binary_authorization": false,
            "enable_intranode_visibility": false,
            "enable_kubernetes_alpha": false,
            "enable_l4_ilb_subsetting": false,
            "enable_legacy_abac": false,
            "enable_shielded_nodes": true,
            "enable_tpu": false,
            "endpoint": "35.239.145.59",
            "gateway_api_config": [],
            "id": "projects/csci-5409-s23-k8s/locations/us-central1/clusters/csci-5409-s23-k8s-gke",
            "initial_node_count": 1,
            "ip_allocation_policy": [],
            "label_fingerprint": "a9dc16a7",
            "location": "us-central1",
            "logging_config": [
              {
                "enable_components": [
                  "SYSTEM_COMPONENTS",
                  "WORKLOADS"
                ]
              }
            ],
            "logging_service": "logging.googleapis.com/kubernetes",
            "maintenance_policy": [],
            "master_auth": [
              {
                "client_certificate": "",
                "client_certificate_config": [
                  {
                    "issue_client_certificate": false
                  }
                ],
                "client_key": "",
                "cluster_ca_certificate": "LS0tLS1CRUdJTiBDRVJUSUZJQ0FURS0tLS0tCk1JSUVMRENDQXBTZ0F3SUJBZ0lRRnEwZjN5M1J6TDZxZStBTFZBb0hMVEFOQmdrcWhraUc5dzBCQVFzRkFEQXYKTVMwd0t3WURWUVFERXlReU5UaGlOREUwTWkwNU16WXdMVFJtWXpJdE9XSTJNUzFqT0Rrd01UZzRNamxsTnprdwpJQmNOTWpNd05qRXlNakF4TXpJNFdoZ1BNakExTXpBMk1EUXlNVEV6TWpoYU1DOHhMVEFyQmdOVkJBTVRKREkxCk9HSTBNVFF5TFRrek5qQXROR1pqTWkwNVlqWXhMV000T1RBeE9EZ3lPV1UzT1RDQ0FhSXdEUVlKS29aSWh2Y04KQVFFQkJRQURnZ0dQQURDQ0FZb0NnZ0dCQUw1ZFFFR1oyeDA5cUFvRmRQMElqQk5HQkhnclVrSllzRzc1YTM5WQozcnFMVFhIblo4S3lGN2dKRzdQR0d4c0MzVGJGbmxqYm1aRlY5bVZwZEZUTXRhQlY5eVV3bFFCdW9FaVFRcUU4ClBBdEh4Z0JOQ3kyVEFxVVRwRmozTDRZdW43VU9FMkc4TTFGTFcyWnFmK0VTK3pFWHloMHEwZWJVeEtXd1BxdWkKNG40UmphZFk1Ny8rVzZlMmtycGpaN1VCd1RzcE1YbUxzdnIzUW9GVDFqTTlOZW8vSXg4RVBlMU9ITkUvRWlqTgp4U1hYbEtuNkNPUnFGeDZQUjVtR0VYbmRtN29qRStXWnhrcHIvOWh1SmJONGc1KzhzblJhbXR2ODQ1aGRreU84CnNPdldLL3BJL3NKeHNDRGwwcGVSMkRJVUhCMklNKzRHalg0WTJvWnJPdXVOWXliVTJ4SDlBWmIwWC9WMTQzR2oKNzQ1MWlQZTQ2Qk5WRW1mV296Wi9FNFh2Z29EMlVyT3pOYkFaR3ZHUDRTRDhGd1BMekM5Mkl4UUdQQlhvWitsawpUalhyeE1mKzFpV3c1NnZWRitOK0Rnc0VzOGpVNEVqYTdhMng3NGJ2ekFIaUFWc25uR2l1eTBzQzhUNzB2SFFDCkl6WmJKRVE0MjlEN3A4c2hpbVhMN0U0ZGt3SURBUUFCbzBJd1FEQU9CZ05WSFE4QkFmOEVCQU1DQWdRd0R3WUQKVlIwVEFRSC9CQVV3QXdFQi96QWRCZ05WSFE0RUZnUVVWNUFBZnlaZG45cEpKWkFGNy94a2haUzFONjh3RFFZSgpLb1pJaHZjTkFRRUxCUUFEZ2dHQkFBLzhsdXM5QTM4Sllrbk5Pc3hyN1JIYm05YXhyTFZNL0k5dE5acUNWSVhFCnpOTUEzeHBSSWVHOHFGdXRlUUtUSG9LQVI4ek1oWVhHNGk1N212cUVTNnFUR20yZ2o4NS9VZk11UUUrUzdXQ3EKUFYzWnM5R2tWK0krTjdwOWNwcHFOSVpLYmpYTG0xVXZtaUlJam1TK01UTW8vSkNid0g5ZStsaXg3Y2JXekpSOQpPRTFpODhZS2RaU2UrU29iRmNwWUFxSkxpdVd0VG93UW1OZFZCdlkwMmFMU2x0b0ltMThFb29DS1RVQVIxMUFlCmVVRnJWZFgyc25rcWcvakdmTlBQTi8rY3E2Uk9sbUYvdGtScllaMldpOWFMY2VsOGVEWC8vYlY5MHgrOG1wYVQKcFEzc0xyRWE5RE13c0N1elZpN0FZWHdERk5CMWZjMXJKYkZFTEVyVVZIR0x3UVNUdVMrOGJXRHk5MjlQK3ZIVwpJcU81dVFwOUR6ZDByL0JGaTlOQUhIaWN3cWdrRkVZZmVINlhoZCtuSDhseXZxcWhYMTZiVnN4N0NqcjlTNmRTClpja0gvRXpRZEJueHlLZ2xtWWJCd2pzcXk4eUFVaW9yUlhFak5YWk1HeXlVdEVWNDlwRjkyZzhOTGx1ZDJzMFYKRUM0dDN3OXhhYUtlVDQ0TjBQdzhiZz09Ci0tLS0tRU5EIENFUlRJRklDQVRFLS0tLS0K"
              }
            ],
            "master_authorized_networks_config": [],
            "master_version": "1.25.8-gke.500",
            "mesh_certificates": [],
            "min_master_version": null,
            "monitoring_config": [
              {
                "enable_components": [
                  "SYSTEM_COMPONENTS"
                ],
                "managed_prometheus": []
              }
            ],
            "monitoring_service": "monitoring.googleapis.com/kubernetes",
            "name": "csci-5409-s23-k8s-gke",
            "network": "projects/csci-5409-s23-k8s/global/networks/default",
            "network_policy": [
              {
                "enabled": false,
                "provider": "PROVIDER_UNSPECIFIED"
              }
            ],
            "networking_mode": "ROUTES",
            "node_config": [],
            "node_locations": [
              "us-central1-c"
            ],
            "node_pool": [],
            "node_pool_defaults": [
              {
                "node_config_defaults": [
                  {
                    "logging_variant": "DEFAULT"
                  }
                ]
              }
            ],
            "node_version": "1.25.8-gke.500",
            "notification_config": [
              {
                "pubsub": [
                  {
                    "enabled": false,
                    "filter": [],
                    "topic": ""
                  }
                ]
              }
            ],
            "operation": null,
            "private_cluster_config": [
              {
                "enable_private_endpoint": false,
                "enable_private_nodes": false,
                "master_global_access_config": [
                  {
                    "enabled": false
                  }
                ],
                "master_ipv4_cidr_block": "",
                "peering_name": "",
                "private_endpoint": "10.128.0.2",
                "private_endpoint_subnetwork": "",
                "public_endpoint": "35.239.145.59"
              }
            ],
            "private_ipv6_google_access": "",
            "project": "csci-5409-s23-k8s",
            "release_channel": [
              {
                "channel": "REGULAR"
              }
            ],
            "remove_default_node_pool": true,
            "resource_labels": null,
            "resource_usage_export_config": [],
            "self_link": "https://container.googleapis.com/v1/projects/csci-5409-s23-k8s/locations/us-central1/clusters/csci-5409-s23-k8s-gke",
            "service_external_ips_config": [
              {
                "enabled": false
              }
            ],
            "services_ipv4_cidr": "10.3.240.0/20",
            "subnetwork": "projects/csci-5409-s23-k8s/regions/us-central1/subnetworks/default",
            "timeouts": null,
            "tpu_ipv4_cidr_block": "",
            "vertical_pod_autoscaling": [],
            "workload_identity_config": []
          },
          "sensitive_attributes": [],
          "private": "eyJlMmJmYjczMC1lY2FhLTExZTYtOGY4OC0zNDM2M2JjN2M0YzAiOnsiY3JlYXRlIjoyNDAwMDAwMDAwMDAwLCJkZWxldGUiOjI0MDAwMDAwMDAwMDAsInJlYWQiOjI0MDAwMDAwMDAwMDAsInVwZGF0ZSI6MzYwMDAwMDAwMDAwMH0sInNjaGVtYV92ZXJzaW9uIjoiMSJ9"
        }
      ]
    },
    {
      "mode": "managed",
      "type": "google_container_node_pool",
      "name": "gke_nodes",
      "provider": "provider[\"registry.terraform.io/hashicorp/google\"]",
      "instances": [
        {
          "schema_version": 1,
          "attributes": {
            "autoscaling": [],
            "cluster": "csci-5409-s23-k8s-gke",
            "id": "projects/csci-5409-s23-k8s/locations/us-central1/clusters/csci-5409-s23-k8s-gke/nodePools/node-pool",
            "initial_node_count": 1,
            "instance_group_urls": [
              "https://www.googleapis.com/compute/v1/projects/csci-5409-s23-k8s/zones/us-central1-c/instanceGroupManagers/gke-csci-5409-s23-k8s-gke-node-pool-cbfd26d4-grp"
            ],
            "location": "us-central1",
            "managed_instance_group_urls": [
              "https://www.googleapis.com/compute/v1/projects/csci-5409-s23-k8s/zones/us-central1-c/instanceGroups/gke-csci-5409-s23-k8s-gke-node-pool-cbfd26d4-grp"
            ],
            "management": [
              {
                "auto_repair": true,
                "auto_upgrade": true
              }
            ],
            "max_pods_per_node": null,
            "name": "node-pool",
            "name_prefix": "",
            "network_config": [
              {
                "create_pod_range": false,
                "enable_private_nodes": false,
                "pod_cidr_overprovision_config": [],
                "pod_ipv4_cidr_block": "",
                "pod_range": ""
              }
            ],
            "node_config": [
              {
                "advanced_machine_features": [],
                "boot_disk_kms_key": "",
                "disk_size_gb": 10,
                "disk_type": "pd-standard",
                "ephemeral_storage_local_ssd_config": [],
                "gcfs_config": [],
                "guest_accelerator": [],
                "gvnic": [],
                "image_type": "COS_CONTAINERD",
                "kubelet_config": [],
                "labels": {
                  "env": "csci-5409-s23-k8s"
                },
                "linux_node_config": [],
                "local_nvme_ssd_block_config": [],
                "local_ssd_count": 0,
                "logging_variant": "DEFAULT",
                "machine_type": "e2-micro",
                "metadata": {
                  "disable-legacy-endpoints": "true"
                },
                "min_cpu_platform": "",
                "node_group": "",
                "oauth_scopes": [
                  "https://www.googleapis.com/auth/cloud-platform",
                  "https://www.googleapis.com/auth/devstorage.read_only",
                  "https://www.googleapis.com/auth/logging.write",
                  "https://www.googleapis.com/auth/monitoring",
                  "https://www.googleapis.com/auth/service.management.readonly",
                  "https://www.googleapis.com/auth/servicecontrol",
                  "https://www.googleapis.com/auth/trace.append"
                ],
                "preemptible": false,
                "reservation_affinity": [],
                "resource_labels": null,
                "service_account": "default",
                "shielded_instance_config": [
                  {
                    "enable_integrity_monitoring": true,
                    "enable_secure_boot": false
                  }
                ],
                "spot": false,
                "tags": null,
                "taint": [],
                "workload_metadata_config": []
              }
            ],
            "node_count": 1,
            "node_locations": [
              "us-central1-c"
            ],
            "operation": null,
            "placement_policy": [],
            "project": "csci-5409-s23-k8s",
            "timeouts": null,
            "upgrade_settings": [
              {
                "blue_green_settings": [],
                "max_surge": 1,
                "max_unavailable": 0,
                "strategy": "SURGE"
              }
            ],
            "version": "1.25.8-gke.500"
          },
          "sensitive_attributes": [],
          "private": "eyJlMmJmYjczMC1lY2FhLTExZTYtOGY4OC0zNDM2M2JjN2M0YzAiOnsiY3JlYXRlIjoxODAwMDAwMDAwMDAwLCJkZWxldGUiOjE4MDAwMDAwMDAwMDAsInVwZGF0ZSI6MTgwMDAwMDAwMDAwMH0sInNjaGVtYV92ZXJzaW9uIjoiMSJ9",
          "dependencies": [
            "google_container_cluster.gke"
          ]
        }
      ]
    }
  ],
  "check_results": null
}
